{
  "name": "chrome-extension",
  "version": "1.0.0",
  "lockfileVersion": 3,
  "requires": true,
  "packages": {
    "": {
      "name": "chrome-extension",
      "version": "1.0.0",
      "license": "ISC",
      "dependencies": {
        "chrome-types": "^0.1.295"
      }
    },
    "node_modules/chrome-types": {
      "version": "0.1.329",
      "resolved": "https://registry.npmjs.org/chrome-types/-/chrome-types-0.1.329.tgz",
      "integrity": "sha512-QcUZ1UyYMeeoWG5wE7AbmfHcYPvAYkKYBcal/h2CHcNg8koup7/EzPLpHPBhWfxYLU4jFgwDCTTKZaHstbtXrw=="
    }
  }
}
